
Microsoft Visual Studio Solution File, Format Version 12.00
# Visual Studio Version 16
VisualStudioVersion = 16.0.31702.278
MinimumVisualStudioVersion = 10.0.40219.1
Project("{8BC9CEB8-8B4A-11D0-8D11-00A0C91BC942}") = "P2", "P2.vcxproj", "{DC61628F-09DD-4280-96BF-3754A678C512}"
EndProject
Global
	GlobalSection(SolutionConfigurationPlatforms) = preSolution
		Debug|x64 = Debug|x64
		Debug|x86 = Debug|x86
		Release|x64 = Release|x64
		Release|x86 = Release|x86
	EndGlobalSection
	GlobalSection(ProjectConfigurationPlatforms) = postSolution
		{DC61628F-09DD-4280-96BF-3754A678C512}.Debug|x64.ActiveCfg = Debug|x64
		{DC61628F-09DD-4280-96BF-3754A678C512}.Debug|x64.Build.0 = Debug|x64
		{DC61628F-09DD-4280-96BF-3754A678C512}.Debug|x86.ActiveCfg = Debug|Win32
		{DC61628F-09DD-4280-96BF-3754A678C512}.Debug|x86.Build.0 = Debug|Win32
		{DC61628F-09DD-4280-96BF-3754A678C512}.Release|x64.ActiveCfg = Release|x64
		{DC61628F-09DD-4280-96BF-3754A678C512}.Release|x64.Build.0 = Release|x64
		{DC61628F-09DD-4280-96BF-3754A678C512}.Release|x86.ActiveCfg = Release|Win32
		{DC61628F-09DD-4280-96BF-3754A678C512}.Release|x86.Build.0 = Release|Win32
	EndGlobalSection
	GlobalSection(SolutionProperties) = preSolution
		HideSolutionNode = FALSE
	EndGlobalSection
	GlobalSection(ExtensibilityGlobals) = postSolution
		SolutionGuid = {CBDF9AF7-DF3C-49DA-9A68-D06D108F7EF9}
	EndGlobalSection
EndGlobal
